
Microsoft Visual Studio Solution File, Format Version 12.00
# Visual Studio Version 17
VisualStudioVersion = 17.8.0.0
MinimumVisualStudioVersion = 17.8.0.0
Project("{9A19103F-16F7-4668-BE54-9A1E7A4F7556}") = "TenderAI.AppHost", "TenderAI.AppHost\TenderAI.AppHost.csproj", "{C0CA8B8D-B586-43AA-A97F-79A218699ECA}"
EndProject
Project("{9A19103F-16F7-4668-BE54-9A1E7A4F7556}") = "TenderAI.ServiceDefaults", "TenderAI.ServiceDefaults\TenderAI.ServiceDefaults.csproj", "{1B5E8741-A887-4FC4-B373-B00ACC4FB007}"
EndProject
Project("{FAE04EC0-301F-11D3-BF4B-00C04F79EFBC}") = "TenderAI.ApiService", "TenderAI.ApiService\TenderAI.ApiService.csproj", "{E41A9CD4-4CEC-48D2-9810-42EE8981D99C}"
EndProject
Global
	GlobalSection(SolutionConfigurationPlatforms) = preSolution
		Debug|Any CPU = Debug|Any CPU
		Debug|x64 = Debug|x64
		Debug|x86 = Debug|x86
		Release|Any CPU = Release|Any CPU
		Release|x64 = Release|x64
		Release|x86 = Release|x86
	EndGlobalSection
	GlobalSection(ProjectConfigurationPlatforms) = postSolution
		{C0CA8B8D-B586-43AA-A97F-79A218699ECA}.Debug|Any CPU.ActiveCfg = Debug|Any CPU
		{C0CA8B8D-B586-43AA-A97F-79A218699ECA}.Debug|Any CPU.Build.0 = Debug|Any CPU
		{C0CA8B8D-B586-43AA-A97F-79A218699ECA}.Debug|x64.ActiveCfg = Debug|Any CPU
		{C0CA8B8D-B586-43AA-A97F-79A218699ECA}.Debug|x64.Build.0 = Debug|Any CPU
		{C0CA8B8D-B586-43AA-A97F-79A218699ECA}.Debug|x86.ActiveCfg = Debug|Any CPU
		{C0CA8B8D-B586-43AA-A97F-79A218699ECA}.Debug|x86.Build.0 = Debug|Any CPU
		{C0CA8B8D-B586-43AA-A97F-79A218699ECA}.Release|Any CPU.ActiveCfg = Release|Any CPU
		{C0CA8B8D-B586-43AA-A97F-79A218699ECA}.Release|Any CPU.Build.0 = Release|Any CPU
		{C0CA8B8D-B586-43AA-A97F-79A218699ECA}.Release|x64.ActiveCfg = Release|Any CPU
		{C0CA8B8D-B586-43AA-A97F-79A218699ECA}.Release|x64.Build.0 = Release|Any CPU
		{C0CA8B8D-B586-43AA-A97F-79A218699ECA}.Release|x86.ActiveCfg = Release|Any CPU
		{C0CA8B8D-B586-43AA-A97F-79A218699ECA}.Release|x86.Build.0 = Release|Any CPU
		{1B5E8741-A887-4FC4-B373-B00ACC4FB007}.Debug|Any CPU.ActiveCfg = Debug|Any CPU
		{1B5E8741-A887-4FC4-B373-B00ACC4FB007}.Debug|Any CPU.Build.0 = Debug|Any CPU
		{1B5E8741-A887-4FC4-B373-B00ACC4FB007}.Debug|x64.ActiveCfg = Debug|Any CPU
		{1B5E8741-A887-4FC4-B373-B00ACC4FB007}.Debug|x64.Build.0 = Debug|Any CPU
		{1B5E8741-A887-4FC4-B373-B00ACC4FB007}.Debug|x86.ActiveCfg = Debug|Any CPU
		{1B5E8741-A887-4FC4-B373-B00ACC4FB007}.Debug|x86.Build.0 = Debug|Any CPU
		{1B5E8741-A887-4FC4-B373-B00ACC4FB007}.Release|Any CPU.ActiveCfg = Release|Any CPU
		{1B5E8741-A887-4FC4-B373-B00ACC4FB007}.Release|Any CPU.Build.0 = Release|Any CPU
		{1B5E8741-A887-4FC4-B373-B00ACC4FB007}.Release|x64.ActiveCfg = Release|Any CPU
		{1B5E8741-A887-4FC4-B373-B00ACC4FB007}.Release|x64.Build.0 = Release|Any CPU
		{1B5E8741-A887-4FC4-B373-B00ACC4FB007}.Release|x86.ActiveCfg = Release|Any CPU
		{1B5E8741-A887-4FC4-B373-B00ACC4FB007}.Release|x86.Build.0 = Release|Any CPU
		{E41A9CD4-4CEC-48D2-9810-42EE8981D99C}.Debug|Any CPU.ActiveCfg = Debug|Any CPU
		{E41A9CD4-4CEC-48D2-9810-42EE8981D99C}.Debug|Any CPU.Build.0 = Debug|Any CPU
		{E41A9CD4-4CEC-48D2-9810-42EE8981D99C}.Debug|x64.ActiveCfg = Debug|Any CPU
		{E41A9CD4-4CEC-48D2-9810-42EE8981D99C}.Debug|x64.Build.0 = Debug|Any CPU
		{E41A9CD4-4CEC-48D2-9810-42EE8981D99C}.Debug|x86.ActiveCfg = Debug|Any CPU
		{E41A9CD4-4CEC-48D2-9810-42EE8981D99C}.Debug|x86.Build.0 = Debug|Any CPU
		{E41A9CD4-4CEC-48D2-9810-42EE8981D99C}.Release|Any CPU.ActiveCfg = Release|Any CPU
		{E41A9CD4-4CEC-48D2-9810-42EE8981D99C}.Release|Any CPU.Build.0 = Release|Any CPU
		{E41A9CD4-4CEC-48D2-9810-42EE8981D99C}.Release|x64.ActiveCfg = Release|Any CPU
		{E41A9CD4-4CEC-48D2-9810-42EE8981D99C}.Release|x64.Build.0 = Release|Any CPU
		{E41A9CD4-4CEC-48D2-9810-42EE8981D99C}.Release|x86.ActiveCfg = Release|Any CPU
		{E41A9CD4-4CEC-48D2-9810-42EE8981D99C}.Release|x86.Build.0 = Release|Any CPU
	EndGlobalSection
	GlobalSection(SolutionProperties) = preSolution
		HideSolutionNode = FALSE
	EndGlobalSection
	GlobalSection(ExtensibilityGlobals) = postSolution
		SolutionGuid = {BA26FCAC-E692-46F4-AF30-10D8018734AC}
	EndGlobalSection
EndGlobal
